// !$*UTF8*$!
{
	archiveVersion = 1;
	classes = {
	};
	objectVersion = 77;
	objects = {

/* Begin PBXContainerItemProxy section */
		B5FC44BC2EF4260C00C9C517 /* PBXContainerItemProxy */ = {
			isa = PBXContainerItemProxy;
			containerPortal = B5FC44A32EF4260900C9C517 /* Project object */;
			proxyType = 1;
			remoteGlobalIDString = B5FC44AA2EF4260900C9C517;
			remoteInfo = TravelCalculator;
		};
		B5FC44C62EF4260C00C9C517 /* PBXContainerItemProxy */ = {
			isa = PBXContainerItemProxy;
			containerPortal = B5FC44A32EF4260900C9C517 /* Project object */;
			proxyType = 1;
			remoteGlobalIDString = B5FC44AA2EF4260900C9C517;
			remoteInfo = TravelCalculator;
		};
/* End PBXContainerItemProxy section */

/* Begin PBXFileReference section */
		B5FC44AB2EF4260900C9C517 /* TravelCalculator.app */ = {isa = PBXFileReference; explicitFileType = wrapper.application; includeInIndex = 0; path = TravelCalculator.app; sourceTree = BUILT_PRODUCTS_DIR; };
		B5FC44BB2EF4260C00C9C517 /* TravelCalculatorTests.xctest */ = {isa = PBXFileReference; explicitFileType = wrapper.cfbundle; includeInIndex = 0; path = TravelCalculatorTests.xctest; sourceTree = BUILT_PRODUCTS_DIR; };
		B5FC44C52EF4260C00C9C517 /* TravelCalculatorUITests.xctest */ = {isa = PBXFileReference; explicitFileType = wrapper.cfbundle; includeInIndex = 0; path = TravelCalculatorUITests.xctest; sourceTree = BUILT_PRODUCTS_DIR; };
/* End PBXFileReference section */

/* Begin PBXFileSystemSynchronizedBuildFileExceptionSet section */
		C6C841932F517FEA00070549 /* Exceptions for "TravelCalculator" folder in "TravelCalculator" target */ = {
			isa = PBXFileSystemSynchronizedBuildFileExceptionSet;
			membershipExceptions = (
				Info.plist,
			);
			target = B5FC44AA2EF4260900C9C517 /* TravelCalculator */;
		};
/* End PBXFileSystemSynchronizedBuildFileExceptionSet section */

/* Begin PBXFileSystemSynchronizedRootGroup section */
		B5FC44AD2EF4260900C9C517 /* TravelCalculator */ = {
			isa = PBXFileSystemSynchronizedRootGroup;
			exceptions = (
				C6C841932F517FEA00070549 /* Exceptions for "TravelCalculator" folder in "TravelCalculator" target */,
			);
			path = TravelCalculator;
			sourceTree = "<group>";
		};
		B5FC44BE2EF4260C00C9C517 /* TravelCalculatorTests */ = {
			isa = PBXFileSystemSynchronizedRootGroup;
			path = TravelCalculatorTests;
			sourceTree = "<group>";
		};
		B5FC44C82EF4260C00C9C517 /* TravelCalculatorUITests */ = {
			isa = PBXFileSystemSynchronizedRootGroup;
			path = TravelCalculatorUITests;
			sourceTree = "<group>";
		};
/* End PBXFileSystemSynchronizedRootGroup section */

/* Begin PBXFrameworksBuildPhase section */
		B5FC44A82EF4260900C9C517 /* Frameworks */ = {
			isa = PBXFrameworksBuildPhase;
			buildActionMask = 2147483647;
			files = (
			);
			runOnlyForDeploymentPostprocessing = 0;
		};
		B5FC44B82EF4260C00C9C517 /* Frameworks */ = {
			isa = PBXFrameworksBuildPhase;
			buildActionMask = 2147483647;
			files = (
			);
			runOnlyForDeploymentPostprocessing = 0;
		};
		B5FC44C22EF4260C00C9C517 /* Frameworks */ = {
			isa = PBXFrameworksBuildPhase;
			buildActionMask = 2147483647;
			files = (
			);
			runOnlyForDeploymentPostprocessing = 0;
		};
/* End PBXFrameworksBuildPhase section */

/* Begin PBXGroup section */
		B5FC44A22EF4260900C9C517 = {
			isa = PBXGroup;
			children = (
				B5FC44AD2EF4260900C9C517 /* TravelCalculator */,
				B5FC44BE2EF4260C00C9C517 /* TravelCalculatorTests */,
				B5FC44C82EF4260C00C9C517 /* TravelCalculatorUITests */,
				B5FC44AC2EF4260900C9C517 /* Products */,
			);
			sourceTree = "<group>";
		};
		B5FC44AC2EF4260900C9C517 /* Products */ = {
			isa = PBXGroup;
			children = (
				B5FC44AB2EF4260900C9C517 /* TravelCalculator.app */,
				B5FC44BB2EF4260C00C9C517 /* TravelCalculatorTests.xctest */,
				B5FC44C52EF4260C00C9C517 /* TravelCalculatorUITests.xctest */,
			);
			name = Products;
			sourceTree = "<group>";
		};
/* End PBXGroup section */

/* Begin PBXNativeTarget section */
		B5FC44AA2EF4260900C9C517 /* TravelCalculator */ = {
			isa = PBXNativeTarget;
			buildConfigurationList = B5FC44CF2EF4260C00C9C517 /* Build configuration list for PBXNativeTarget "TravelCalculator" */;
			buildPhases = (
				B5FC44A72EF4260900C9C517 /* Sources */,
				B5FC44A82EF4260900C9C517 /* Frameworks */,
				B5FC44A92EF4260900C9C517 /* Resources */,
			);
			buildRules = (
			);
			dependencies = (
			);
			fileSystemSynchronizedGroups = (
				B5FC44AD2EF4260900C9C517 /* TravelCalculator */,
			);
			name = TravelCalculator;
			packageProductDependencies = (
			);
			productName = TravelCalculator;
			productReference = B5FC44AB2EF4260900C9C517 /* TravelCalculator.app */;
			productType = "com.apple.product-type.application";
		};
		B5FC44BA2EF4260C00C9C517 /* TravelCalculatorTests */ = {
			isa = PBXNativeTarget;
			buildConfigurationList = B5FC44D22EF4260C00C9C517 /* Build configuration list for PBXNativeTarget "TravelCalculatorTests" */;
			buildPhases = (
				B5FC44B72EF4260C00C9C517 /* Sources */,
				B5FC44B82EF4260C00C9C517 /* Frameworks */,
				B5FC44B92EF4260C00C9C517 /* Resources */,
			);
			buildRules = (
			);
			dependencies = (
				B5FC44BD2EF4260C00C9C517 /* PBXTargetDependency */,
			);
			fileSystemSynchronizedGroups = (
				B5FC44BE2EF4260C00C9C517 /* TravelCalculatorTests */,
			);
			name = TravelCalculatorTests;
			packageProductDependencies = (
			);
			productName = TravelCalculatorTests;
			productReference = B5FC44BB2EF4260C00C9C517 /* TravelCalculatorTests.xctest */;
			productType = "com.apple.product-type.bundle.unit-test";
		};
		B5FC44C42EF4260C00C9C517 /* TravelCalculatorUITests */ = {
			isa = PBXNativeTarget;
			buildConfigurationList = B5FC44D52EF4260C00C9C517 /* Build configuration list for PBXNativeTarget "TravelCalculatorUITests" */;
			buildPhases = (
				B5FC44C12EF4260C00C9C517 /* Sources */,
				B5FC44C22EF4260C00C9C517 /* Frameworks */,
				B5FC44C32EF4260C00C9C517 /* Resources */,
			);
			buildRules = (
			);
			dependencies = (
				B5FC44C72EF4260C00C9C517 /* PBXTargetDependency */,
			);
			fileSystemSynchronizedGroups = (
				B5FC44C82EF4260C00C9C517 /* TravelCalculatorUITests */,
			);
			name = TravelCalculatorUITests;
			packageProductDependencies = (
			);
			productName = TravelCalculatorUITests;
			productReference = B5FC44C52EF4260C00C9C517 /* TravelCalculatorUITests.xctest */;
			productType = "com.apple.product-type.bundle.ui-testing";
		};
/* End PBXNativeTarget section */

/* Begin PBXProject section */
		B5FC44A32EF4260900C9C517 /* Project object */ = {
			isa = PBXProject;
			attributes = {
				BuildIndependentTargetsInParallel = 1;
				LastSwiftUpdateCheck = 1600;
				LastUpgradeCheck = 1600;
				TargetAttributes = {
					B5FC44AA2EF4260900C9C517 = {
						CreatedOnToolsVersion = 16.0;
					};
					B5FC44BA2EF4260C00C9C517 = {
						CreatedOnToolsVersion = 16.0;
						TestTargetID = B5FC44AA2EF4260900C9C517;
					};
					B5FC44C42EF4260C00C9C517 = {
						CreatedOnToolsVersion = 16.0;
						TestTargetID = B5FC44AA2EF4260900C9C517;
					};
				};
			};
			buildConfigurationList = B5FC44A62EF4260900C9C517 /* Build configuration list for PBXProject "TravelCalculator" */;
			developmentRegion = ko;
			hasScannedForEncodings = 0;
			knownRegions = (
				Base,
				ko,
			);
			mainGroup = B5FC44A22EF4260900C9C517;
			minimizedProjectReferenceProxies = 1;
			preferredProjectObjectVersion = 77;
			productRefGroup = B5FC44AC2EF4260900C9C517 /* Products */;
			projectDirPath = "";
			projectRoot = "";
			targets = (
				B5FC44AA2EF4260900C9C517 /* TravelCalculator */,
				B5FC44BA2EF4260C00C9C517 /* TravelCalculatorTests */,
				B5FC44C42EF4260C00C9C517 /* TravelCalculatorUITests */,
			);
		};
/* End PBXProject section */

/* Begin PBXResourcesBuildPhase section */
		B5FC44A92EF4260900C9C517 /* Resources */ = {
			isa = PBXResourcesBuildPhase;
			buildActionMask = 2147483647;
			files = (
			);
			runOnlyForDeploymentPostprocessing = 0;
		};
		B5FC44B92EF4260C00C9C517 /* Resources */ = {
			isa = PBXResourcesBuildPhase;
			buildActionMask = 2147483647;
			files = (
			);
			runOnlyForDeploymentPostprocessing = 0;
		};
		B5FC44C32EF4260C00C9C517 /* Resources */ = {
			isa = PBXResourcesBuildPhase;
			buildActionMask = 2147483647;
			files = (
			);
			runOnlyForDeploymentPostprocessing = 0;
		};
/* End PBXResourcesBuildPhase section */

/* Begin PBXSourcesBuildPhase section */
		B5FC44A72EF4260900C9C517 /* Sources */ = {
			isa = PBXSourcesBuildPhase;
			buildActionMask = 2147483647;
			files = (
			);
			runOnlyForDeploymentPostprocessing = 0;
		};
		B5FC44B72EF4260C00C9C517 /* Sources */ = {
			isa = PBXSourcesBuildPhase;
			buildActionMask = 2147483647;
			files = (
			);
			runOnlyForDeploymentPostprocessing = 0;
		};
		B5FC44C12EF4260C00C9C517 /* Sources */ = {
			isa = PBXSourcesBuildPhase;
			buildActionMask = 2147483647;
			files = (
			);
			runOnlyForDeploymentPostprocessing = 0;
		};
/* End PBXSourcesBuildPhase section */

/* Begin PBXTargetDependency section */
		B5FC44BD2EF4260C00C9C517 /* PBXTargetDependency */ = {
			isa = PBXTargetDependency;
			target = B5FC44AA2EF4260900C9C517 /* TravelCalculator */;
			targetProxy = B5FC44BC2EF4260C00C9C517 /* PBXContainerItemProxy */;
		};
		B5FC44C72EF4260C00C9C517 /* PBXTargetDependency */ = {
			isa = PBXTargetDependency;
			target = B5FC44AA2EF4260900C9C517 /* TravelCalculator */;
			targetProxy = B5FC44C62EF4260C00C9C517 /* PBXContainerItemProxy */;
		};
/* End PBXTargetDependency section */

/* Begin XCBuildConfiguration section */
		B5FC44CD2EF4260C00C9C517 /* Debug */ = {
			isa = XCBuildConfiguration;
			buildSettings = {
				ALWAYS_SEARCH_USER_PATHS = NO;
				ASSETCATALOG_COMPILER_GENERATE_SWIFT_ASSET_SYMBOL_EXTENSIONS = YES;
				CLANG_ANALYZER_NONNULL = YES;
				CLANG_ANALYZER_NUMBER_OBJECT_CONVERSION = YES_AGGRESSIVE;
				CLANG_CXX_LANGUAGE_STANDARD = "gnu++20";
				CLANG_ENABLE_MODULES = YES;
				CLANG_ENABLE_OBJC_ARC = YES;
				CLANG_ENABLE_OBJC_WEAK = YES;
				CLANG_WARN_BLOCK_CAPTURE_AUTORELEASING = YES;
				CLANG_WARN_BOOL_CONVERSION = YES;
				CLANG_WARN_COMMA = YES;
				CLANG_WARN_CONSTANT_CONVERSION = YES;
				CLANG_WARN_DEPRECATED_OBJC_IMPLEMENTATIONS = YES;
				CLANG_WARN_DIRECT_OBJC_ISA_USAGE = YES_ERROR;
				CLANG_WARN_DOCUMENTATION_COMMENTS = YES;
				CLANG_WARN_EMPTY_BODY = YES;
				CLANG_WARN_ENUM_CONVERSION = YES;
				CLANG_WARN_INFINITE_RECURSION = YES;
				CLANG_WARN_INT_CONVERSION = YES;
				CLANG_WARN_NON_LITERAL_NULL_CONVERSION = YES;
				CLANG_WARN_OBJC_IMPLICIT_RETAIN_SELF = YES;
				CLANG_WARN_OBJC_LITERAL_CONVERSION = YES;
				CLANG_WARN_OBJC_ROOT_CLASS = YES_ERROR;
				CLANG_WARN_QUOTED_INCLUDE_IN_FRAMEWORK_HEADER = YES;
				CLANG_WARN_RANGE_LOOP_ANALYSIS = YES;
				CLANG_WARN_STRICT_PROTOTYPES = YES;
				CLANG_WARN_SUSPICIOUS_MOVE = YES;
				CLANG_WARN_UNGUARDED_AVAILABILITY = YES_AGGRESSIVE;
				CLANG_WARN_UNREACHABLE_CODE = YES;
				CLANG_WARN__DUPLICATE_METHOD_MATCH = YES;
				COPY_PHASE_STRIP = NO;
				DEBUG_INFORMATION_FORMAT = dwarf;
				ENABLE_STRICT_OBJC_MSGSEND = YES;
				ENABLE_TESTABILITY = YES;
				ENABLE_USER_SCRIPT_SANDBOXING = YES;
				GCC_C_LANGUAGE_STANDARD = gnu17;
				GCC_DYNAMIC_NO_PIC = NO;
				GCC_NO_COMMON_BLOCKS = YES;
				GCC_OPTIMIZATION_LEVEL = 0;
				GCC_PREPROCESSOR_DEFINITIONS = (
					"DEBUG=1",
					"$(inherited)",
				);
				GCC_WARN_64_TO_32_BIT_CONVERSION = YES;
				GCC_WARN_ABOUT_RETURN_TYPE = YES_ERROR;
				GCC_WARN_UNDECLARED_SELECTOR = YES;
				GCC_WARN_UNINITIALIZED_AUTOS = YES_AGGRESSIVE;
				GCC_WARN_UNUSED_FUNCTION = YES;
				GCC_WARN_UNUSED_VARIABLE = YES;
				IPHONEOS_DEPLOYMENT_TARGET = 18.0;
				LOCALIZATION_PREFERS_STRING_CATALOGS = YES;
				MTL_ENABLE_DEBUG_INFO = INCLUDE_SOURCE;
				MTL_FAST_MATH = YES;
				ONLY_ACTIVE_ARCH = YES;
				SDKROOT = iphoneos;
				SWIFT_ACTIVE_COMPILATION_CONDITIONS = "DEBUG $(inherited)";
				SWIFT_OPTIMIZATION_LEVEL = "-Onone";
			};
			name = Debug;
		};
		B5FC44CE2EF4260C00C9C517 /* Release */ = {
			isa = XCBuildConfiguration;
			buildSettings = {
				ALWAYS_SEARCH_USER_PATHS = NO;
				ASSETCATALOG_COMPILER_GENERATE_SWIFT_ASSET_SYMBOL_EXTENSIONS = YES;
				CLANG_ANALYZER_NONNULL = YES;
				CLANG_ANALYZER_NUMBER_OBJECT_CONVERSION = YES_AGGRESSIVE;
				CLANG_CXX_LANGUAGE_STANDARD = "gnu++20";
				CLANG_ENABLE_MODULES = YES;
				CLANG_ENABLE_OBJC_ARC = YES;
				CLANG_ENABLE_OBJC_WEAK = YES;
				CLANG_WARN_BLOCK_CAPTURE_AUTORELEASING = YES;
				CLANG_WARN_BOOL_CONVERSION = YES;
				CLANG_WARN_COMMA = YES;
				CLANG_WARN_CONSTANT_CONVERSION = YES;
				CLANG_WARN_DEPRECATED_OBJC_IMPLEMENTATIONS = YES;
				CLANG_WARN_DIRECT_OBJC_ISA_USAGE = YES_ERROR;
				CLANG_WARN_DOCUMENTATION_COMMENTS = YES;
				CLANG_WARN_EMPTY_BODY = YES;
				CLANG_WARN_ENUM_CONVERSION = YES;
				CLANG_WARN_INFINITE_RECURSION = YES;
				CLANG_WARN_INT_CONVERSION = YES;
				CLANG_WARN_NON_LITERAL_NULL_CONVERSION = YES;
				CLANG_WARN_OBJC_IMPLICIT_RETAIN_SELF = YES;
				CLANG_WARN_OBJC_LITERAL_CONVERSION = YES;
				CLANG_WARN_OBJC_ROOT_CLASS = YES_ERROR;
				CLANG_WARN_QUOTED_INCLUDE_IN_FRAMEWORK_HEADER = YES;
				CLANG_WARN_RANGE_LOOP_ANALYSIS = YES;
				CLANG_WARN_STRICT_PROTOTYPES = YES;
				CLANG_WARN_SUSPICIOUS_MOVE = YES;
				CLANG_WARN_UNGUARDED_AVAILABILITY = YES_AGGRESSIVE;
				CLANG_WARN_UNREACHABLE_CODE = YES;
				CLANG_WARN__DUPLICATE_METHOD_MATCH = YES;
				COPY_PHASE_STRIP = NO;
				DEBUG_INFORMATION_FORMAT = "dwarf-with-dsym";
				ENABLE_NS_ASSERTIONS = NO;
				ENABLE_STRICT_OBJC_MSGSEND = YES;
				ENABLE_USER_SCRIPT_SANDBOXING = YES;
				GCC_C_LANGUAGE_STANDARD = gnu17;
				GCC_NO_COMMON_BLOCKS = YES;
				GCC_WARN_64_TO_32_BIT_CONVERSION = YES;
				GCC_WARN_ABOUT_RETURN_TYPE = YES_ERROR;
				GCC_WARN_UNDECLARED_SELECTOR = YES;
				GCC_WARN_UNINITIALIZED_AUTOS = YES_AGGRESSIVE;
				GCC_WARN_UNUSED_FUNCTION = YES;
				GCC_WARN_UNUSED_VARIABLE = YES;
				IPHONEOS_DEPLOYMENT_TARGET = 18.0;
				LOCALIZATION_PREFERS_STRING_CATALOGS = YES;
				MTL_ENABLE_DEBUG_INFO = NO;
				MTL_FAST_MATH = YES;
				SDKROOT = iphoneos;
				SWIFT_COMPILATION_MODE = wholemodule;
				VALIDATE_PRODUCT = YES;
			};
			name = Release;
		};
		B5FC44D02EF4260C00C9C517 /* Debug */ = {
			isa = XCBuildConfiguration;
			baseConfigurationReferenceAnchor = B5FC44AD2EF4260900C9C517 /* TravelCalculator */;
			baseConfigurationReferenceRelativePath = Config/Exchange.xcconfig;
			buildSettings = {
				ASSETCATALOG_COMPILER_APPICON_NAME = AppIcon;
				ASSETCATALOG_COMPILER_GLOBAL_ACCENT_COLOR_NAME = AccentColor;
				CODE_SIGN_STYLE = Automatic;
				CURRENT_PROJECT_VERSION = 1;
				DEVELOPMENT_ASSET_PATHS = "\"TravelCalculator/Preview Content\"";
				DEVELOPMENT_TEAM = NB4SQ6YKU4;
				ENABLE_PREVIEWS = YES;
				GENERATE_INFOPLIST_FILE = YES;
				INFOPLIST_FILE = TravelCalculator/Info.plist;
				INFOPLIST_KEY_NSLocationWhenInUseUsageDescription = "현재 위치를 기반으로 통화를 자동 설정하기 위해 위치 권한이 필요합니다.";
				INFOPLIST_KEY_UIApplicationSceneManifest_Generation = YES;
				INFOPLIST_KEY_UIApplicationSupportsIndirectInputEvents = YES;
				INFOPLIST_KEY_UILaunchScreen_Generation = YES;
				INFOPLIST_KEY_UISupportedInterfaceOrientations_iPad = "UIInterfaceOrientationPortrait UIInterfaceOrientationPortraitUpsideDown UIInterfaceOrientationLandscapeLeft UIInterfaceOrientationLandscapeRight";
				INFOPLIST_KEY_UISupportedInterfaceOrientations_iPhone = "UIInterfaceOrientationPortrait UIInterfaceOrientationLandscapeLeft UIInterfaceOrientationLandscapeRight";
				LD_RUNPATH_SEARCH_PATHS = (
					"$(inherited)",
					"@executable_path/Frameworks",
				);
				MARKETING_VERSION = 1.0;
				PRODUCT_BUNDLE_IDENTIFIER = personal.chbee.TravelCalculator;
				PRODUCT_NAME = "$(TARGET_NAME)";
				SWIFT_EMIT_LOC_STRINGS = YES;
				SWIFT_VERSION = 5.0;
				TARGETED_DEVICE_FAMILY = "1,2";
			};
			name = Debug;
		};
		B5FC44D12EF4260C00C9C517 /* Release */ = {
			isa = XCBuildConfiguration;
			baseConfigurationReferenceAnchor = B5FC44AD2EF4260900C9C517 /* TravelCalculator */;
			baseConfigurationReferenceRelativePath = Config/Exchange.xcconfig;
			buildSettings = {
				ASSETCATALOG_COMPILER_APPICON_NAME = AppIcon;
				ASSETCATALOG_COMPILER_GLOBAL_ACCENT_COLOR_NAME = AccentColor;
				CODE_SIGN_STYLE = Automatic;
				CURRENT_PROJECT_VERSION = 1;
				DEVELOPMENT_ASSET_PATHS = "\"TravelCalculator/Preview Content\"";
				DEVELOPMENT_TEAM = NB4SQ6YKU4;
				ENABLE_PREVIEWS = YES;
				GENERATE_INFOPLIST_FILE = YES;
				INFOPLIST_FILE = TravelCalculator/Info.plist;
				INFOPLIST_KEY_NSLocationWhenInUseUsageDescription = "현재 위치를 기반으로 통화를 자동 설정하기 위해 위치 권한이 필요합니다.";
				INFOPLIST_KEY_UIApplicationSceneManifest_Generation = YES;
				INFOPLIST_KEY_UIApplicationSupportsIndirectInputEvents = YES;
				INFOPLIST_KEY_UILaunchScreen_Generation = YES;
				INFOPLIST_KEY_UISupportedInterfaceOrientations_iPad = "UIInterfaceOrientationPortrait UIInterfaceOrientationPortraitUpsideDown UIInterfaceOrientationLandscapeLeft UIInterfaceOrientationLandscapeRight";
				INFOPLIST_KEY_UISupportedInterfaceOrientations_iPhone = "UIInterfaceOrientationPortrait UIInterfaceOrientationLandscapeLeft UIInterfaceOrientationLandscapeRight";
				LD_RUNPATH_SEARCH_PATHS = (
					"$(inherited)",
					"@executable_path/Frameworks",
				);
				MARKETING_VERSION = 1.0;
				PRODUCT_BUNDLE_IDENTIFIER = personal.chbee.TravelCalculator;
				PRODUCT_NAME = "$(TARGET_NAME)";
				SWIFT_EMIT_LOC_STRINGS = YES;
				SWIFT_VERSION = 5.0;
				TARGETED_DEVICE_FAMILY = "1,2";
			};
			name = Release;
		};
		B5FC44D32EF4260C00C9C517 /* Debug */ = {
			isa = XCBuildConfiguration;
			buildSettings = {
				BUNDLE_LOADER = "$(TEST_HOST)";
				CODE_SIGN_STYLE = Automatic;
				CURRENT_PROJECT_VERSION = 1;
				DEVELOPMENT_TEAM = NB4SQ6YKU4;
				GENERATE_INFOPLIST_FILE = YES;
				IPHONEOS_DEPLOYMENT_TARGET = 18.0;
				MARKETING_VERSION = 1.0;
				PRODUCT_BUNDLE_IDENTIFIER = com.chbee.TravelCalculatorTests;
				PRODUCT_NAME = "$(TARGET_NAME)";
				SWIFT_EMIT_LOC_STRINGS = NO;
				SWIFT_VERSION = 5.0;
				TARGETED_DEVICE_FAMILY = "1,2";
				TEST_HOST = "$(BUILT_PRODUCTS_DIR)/TravelCalculator.app/$(BUNDLE_EXECUTABLE_FOLDER_PATH)/TravelCalculator";
			};
			name = Debug;
		};
		B5FC44D42EF4260C00C9C517 /* Release */ = {
			isa = XCBuildConfiguration;
			buildSettings = {
				BUNDLE_LOADER = "$(TEST_HOST)";
				CODE_SIGN_STYLE = Automatic;
				CURRENT_PROJECT_VERSION = 1;
				DEVELOPMENT_TEAM = NB4SQ6YKU4;
				GENERATE_INFOPLIST_FILE = YES;
				IPHONEOS_DEPLOYMENT_TARGET = 18.0;
				MARKETING_VERSION = 1.0;
				PRODUCT_BUNDLE_IDENTIFIER = com.chbee.TravelCalculatorTests;
				PRODUCT_NAME = "$(TARGET_NAME)";
				SWIFT_EMIT_LOC_STRINGS = NO;
				SWIFT_VERSION = 5.0;
				TARGETED_DEVICE_FAMILY = "1,2";
				TEST_HOST = "$(BUILT_PRODUCTS_DIR)/TravelCalculator.app/$(BUNDLE_EXECUTABLE_FOLDER_PATH)/TravelCalculator";
			};
			name = Release;
		};
		B5FC44D62EF4260C00C9C517 /* Debug */ = {
			isa = XCBuildConfiguration;
			buildSettings = {
				CODE_SIGN_STYLE = Automatic;
				CURRENT_PROJECT_VERSION = 1;
				DEVELOPMENT_TEAM = NB4SQ6YKU4;
				GENERATE_INFOPLIST_FILE = YES;
				MARKETING_VERSION = 1.0;
				PRODUCT_BUNDLE_IDENTIFIER = com.chbee.TravelCalculatorUITests;
				PRODUCT_NAME = "$(TARGET_NAME)";
				SWIFT_EMIT_LOC_STRINGS = NO;
				SWIFT_VERSION = 5.0;
				TARGETED_DEVICE_FAMILY = "1,2";
				TEST_TARGET_NAME = TravelCalculator;
			};
			name = Debug;
		};
		B5FC44D72EF4260C00C9C517 /* Release */ = {
			isa = XCBuildConfiguration;
			buildSettings = {
				CODE_SIGN_STYLE = Automatic;
				CURRENT_PROJECT_VERSION = 1;
				DEVELOPMENT_TEAM = NB4SQ6YKU4;
				GENERATE_INFOPLIST_FILE = YES;
				MARKETING_VERSION = 1.0;
				PRODUCT_BUNDLE_IDENTIFIER = com.chbee.TravelCalculatorUITests;
				PRODUCT_NAME = "$(TARGET_NAME)";
				SWIFT_EMIT_LOC_STRINGS = NO;
				SWIFT_VERSION = 5.0;
				TARGETED_DEVICE_FAMILY = "1,2";
				TEST_TARGET_NAME = TravelCalculator;
			};
			name = Release;
		};
/* End XCBuildConfiguration section */

/* Begin XCConfigurationList section */
		B5FC44A62EF4260900C9C517 /* Build configuration list for PBXProject "TravelCalculator" */ = {
			isa = XCConfigurationList;
			buildConfigurations = (
				B5FC44CD2EF4260C00C9C517 /* Debug */,
				B5FC44CE2EF4260C00C9C517 /* Release */,
			);
			defaultConfigurationIsVisible = 0;
			defaultConfigurationName = Release;
		};
		B5FC44CF2EF4260C00C9C517 /* Build configuration list for PBXNativeTarget "TravelCalculator" */ = {
			isa = XCConfigurationList;
			buildConfigurations = (
				B5FC44D02EF4260C00C9C517 /* Debug */,
				B5FC44D12EF4260C00C9C517 /* Release */,
			);
			defaultConfigurationIsVisible = 0;
			defaultConfigurationName = Release;
		};
		B5FC44D22EF4260C00C9C517 /* Build configuration list for PBXNativeTarget "TravelCalculatorTests" */ = {
			isa = XCConfigurationList;
			buildConfigurations = (
				B5FC44D32EF4260C00C9C517 /* Debug */,
				B5FC44D42EF4260C00C9C517 /* Release */,
			);
			defaultConfigurationIsVisible = 0;
			defaultConfigurationName = Release;
		};
		B5FC44D52EF4260C00C9C517 /* Build configuration list for PBXNativeTarget "TravelCalculatorUITests" */ = {
			isa = XCConfigurationList;
			buildConfigurations = (
				B5FC44D62EF4260C00C9C517 /* Debug */,
				B5FC44D72EF4260C00C9C517 /* Release */,
			);
			defaultConfigurationIsVisible = 0;
			defaultConfigurationName = Release;
		};
/* End XCConfigurationList section */
	};
	rootObject = B5FC44A32EF4260900C9C517 /* Project object */;
}
